// !$*UTF8*$!
{
	archiveVersion = 1;
	classes = {
	};
	objectVersion = 50;
	objects = {

/* Begin PBXBuildFile section */
		B74116AA2569830200F1FEB8 /* FoodItem.swift in Sources */ = {isa = PBXBuildFile; fileRef = B74116A92569830200F1FEB8 /* FoodItem.swift */; };
		B791D0D52569376C00326A08 /* AppDelegate.swift in Sources */ = {isa = PBXBuildFile; fileRef = B791D0D42569376C00326A08 /* AppDelegate.swift */; };
		B791D0D72569376C00326A08 /* ContentView.swift in Sources */ = {isa = PBXBuildFile; fileRef = B791D0D62569376C00326A08 /* ContentView.swift */; };
		B791D0D92569376C00326A08 /* Experience.rcproject in Sources */ = {isa = PBXBuildFile; fileRef = B791D0D82569376C00326A08 /* Experience.rcproject */; };
		B791D0DB2569376E00326A08 /* Assets.xcassets in Resources */ = {isa = PBXBuildFile; fileRef = B791D0DA2569376E00326A08 /* Assets.xcassets */; };
		B791D0DE2569376E00326A08 /* Preview Assets.xcassets in Resources */ = {isa = PBXBuildFile; fileRef = B791D0DD2569376E00326A08 /* Preview Assets.xcassets */; };
		B791D0E92569376F00326A08 /* DISTests.swift in Sources */ = {isa = PBXBuildFile; fileRef = B791D0E82569376F00326A08 /* DISTests.swift */; };
		B791D0F42569376F00326A08 /* DISUITests.swift in Sources */ = {isa = PBXBuildFile; fileRef = B791D0F32569376F00326A08 /* DISUITests.swift */; };
		B791D105256938BE00326A08 /* DataModel.swift in Sources */ = {isa = PBXBuildFile; fileRef = B791D104256938BE00326A08 /* DataModel.swift */; };
		B791D11425694A1800326A08 /* ARDisplayView.swift in Sources */ = {isa = PBXBuildFile; fileRef = B791D11325694A1800326A08 /* ARDisplayView.swift */; };
		B791D11925694A4900326A08 /* ARUIView.swift in Sources */ = {isa = PBXBuildFile; fileRef = B791D11825694A4900326A08 /* ARUIView.swift */; };
/* End PBXBuildFile section */

/* Begin PBXContainerItemProxy section */
		B791D0E52569376F00326A08 /* PBXContainerItemProxy */ = {
			isa = PBXContainerItemProxy;
			containerPortal = B791D0C92569376C00326A08 /* Project object */;
			proxyType = 1;
			remoteGlobalIDString = B791D0D02569376C00326A08;
			remoteInfo = DIS;
		};
		B791D0F02569376F00326A08 /* PBXContainerItemProxy */ = {
			isa = PBXContainerItemProxy;
			containerPortal = B791D0C92569376C00326A08 /* Project object */;
			proxyType = 1;
			remoteGlobalIDString = B791D0D02569376C00326A08;
			remoteInfo = DIS;
		};
/* End PBXContainerItemProxy section */

/* Begin PBXFileReference section */
		B74116A92569830200F1FEB8 /* FoodItem.swift */ = {isa = PBXFileReference; lastKnownFileType = sourcecode.swift; path = FoodItem.swift; sourceTree = "<group>"; };
		B791D0D12569376C00326A08 /* DIS.app */ = {isa = PBXFileReference; explicitFileType = wrapper.application; includeInIndex = 0; path = DIS.app; sourceTree = BUILT_PRODUCTS_DIR; };
		B791D0D42569376C00326A08 /* AppDelegate.swift */ = {isa = PBXFileReference; lastKnownFileType = sourcecode.swift; path = AppDelegate.swift; sourceTree = "<group>"; };
		B791D0D62569376C00326A08 /* ContentView.swift */ = {isa = PBXFileReference; lastKnownFileType = sourcecode.swift; path = ContentView.swift; sourceTree = "<group>"; };
		B791D0D82569376C00326A08 /* Experience.rcproject */ = {isa = PBXFileReference; lastKnownFileType = file.rcproject; path = Experience.rcproject; sourceTree = "<group>"; };
		B791D0DA2569376E00326A08 /* Assets.xcassets */ = {isa = PBXFileReference; lastKnownFileType = folder.assetcatalog; path = Assets.xcassets; sourceTree = "<group>"; };
		B791D0DD2569376E00326A08 /* Preview Assets.xcassets */ = {isa = PBXFileReference; lastKnownFileType = folder.assetcatalog; path = "Preview Assets.xcassets"; sourceTree = "<group>"; };
		B791D0DF2569376E00326A08 /* Info.plist */ = {isa = PBXFileReference; lastKnownFileType = text.plist.xml; path = Info.plist; sourceTree = "<group>"; };
		B791D0E42569376F00326A08 /* DISTests.xctest */ = {isa = PBXFileReference; explicitFileType = wrapper.cfbundle; includeInIndex = 0; path = DISTests.xctest; sourceTree = BUILT_PRODUCTS_DIR; };
		B791D0E82569376F00326A08 /* DISTests.swift */ = {isa = PBXFileReference; lastKnownFileType = sourcecode.swift; path = DISTests.swift; sourceTree = "<group>"; };
		B791D0EA2569376F00326A08 /* Info.plist */ = {isa = PBXFileReference; lastKnownFileType = text.plist.xml; path = Info.plist; sourceTree = "<group>"; };
		B791D0EF2569376F00326A08 /* DISUITests.xctest */ = {isa = PBXFileReference; explicitFileType = wrapper.cfbundle; includeInIndex = 0; path = DISUITests.xctest; sourceTree = BUILT_PRODUCTS_DIR; };
		B791D0F32569376F00326A08 /* DISUITests.swift */ = {isa = PBXFileReference; lastKnownFileType = sourcecode.swift; path = DISUITests.swift; sourceTree = "<group>"; };
		B791D0F52569376F00326A08 /* Info.plist */ = {isa = PBXFileReference; lastKnownFileType = text.plist.xml; path = Info.plist; sourceTree = "<group>"; };
		B791D104256938BE00326A08 /* DataModel.swift */ = {isa = PBXFileReference; lastKnownFileType = sourcecode.swift; path = DataModel.swift; sourceTree = "<group>"; };
		B791D11325694A1800326A08 /* ARDisplayView.swift */ = {isa = PBXFileReference; lastKnownFileType = sourcecode.swift; path = ARDisplayView.swift; sourceTree = "<group>"; };
		B791D11825694A4900326A08 /* ARUIView.swift */ = {isa = PBXFileReference; lastKnownFileType = sourcecode.swift; path = ARUIView.swift; sourceTree = "<group>"; };
/* End PBXFileReference section */

/* Begin PBXFrameworksBuildPhase section */
		B791D0CE2569376C00326A08 /* Frameworks */ = {
			isa = PBXFrameworksBuildPhase;
			buildActionMask = 2147483647;
			files = (
			);
			runOnlyForDeploymentPostprocessing = 0;
		};
		B791D0E12569376F00326A08 /* Frameworks */ = {
			isa = PBXFrameworksBuildPhase;
			buildActionMask = 2147483647;
			files = (
			);
			runOnlyForDeploymentPostprocessing = 0;
		};
		B791D0EC2569376F00326A08 /* Frameworks */ = {
			isa = PBXFrameworksBuildPhase;
			buildActionMask = 2147483647;
			files = (
			);
			runOnlyForDeploymentPostprocessing = 0;
		};
/* End PBXFrameworksBuildPhase section */

/* Begin PBXGroup section */
		B791D0C82569376C00326A08 = {
			isa = PBXGroup;
			children = (
				B791D0D32569376C00326A08 /* DIS */,
				B791D0E72569376F00326A08 /* DISTests */,
				B791D0F22569376F00326A08 /* DISUITests */,
				B791D0D22569376C00326A08 /* Products */,
			);
			sourceTree = "<group>";
		};
		B791D0D22569376C00326A08 /* Products */ = {
			isa = PBXGroup;
			children = (
				B791D0D12569376C00326A08 /* DIS.app */,
				B791D0E42569376F00326A08 /* DISTests.xctest */,
				B791D0EF2569376F00326A08 /* DISUITests.xctest */,
			);
			name = Products;
			sourceTree = "<group>";
		};
		B791D0D32569376C00326A08 /* DIS */ = {
			isa = PBXGroup;
			children = (
				B791D0D42569376C00326A08 /* AppDelegate.swift */,
				B791D0D62569376C00326A08 /* ContentView.swift */,
				B791D0D82569376C00326A08 /* Experience.rcproject */,
				B791D0DA2569376E00326A08 /* Assets.xcassets */,
				B791D0DF2569376E00326A08 /* Info.plist */,
				B791D0DC2569376E00326A08 /* Preview Content */,
				B791D104256938BE00326A08 /* DataModel.swift */,
				B791D11325694A1800326A08 /* ARDisplayView.swift */,
				B791D11825694A4900326A08 /* ARUIView.swift */,
				B74116A92569830200F1FEB8 /* FoodItem.swift */,
			);
			path = DIS;
			sourceTree = "<group>";
		};
		B791D0DC2569376E00326A08 /* Preview Content */ = {
			isa = PBXGroup;
			children = (
				B791D0DD2569376E00326A08 /* Preview Assets.xcassets */,
			);
			path = "Preview Content";
			sourceTree = "<group>";
		};
		B791D0E72569376F00326A08 /* DISTests */ = {
			isa = PBXGroup;
			children = (
				B791D0E82569376F00326A08 /* DISTests.swift */,
				B791D0EA2569376F00326A08 /* Info.plist */,
			);
			path = DISTests;
			sourceTree = "<group>";
		};
		B791D0F22569376F00326A08 /* DISUITests */ = {
			isa = PBXGroup;
			children = (
				B791D0F32569376F00326A08 /* DISUITests.swift */,
				B791D0F52569376F00326A08 /* Info.plist */,
			);
			path = DISUITests;
			sourceTree = "<group>";
		};
/* End PBXGroup section */

/* Begin PBXNativeTarget section */
		B791D0D02569376C00326A08 /* DIS */ = {
			isa = PBXNativeTarget;
			buildConfigurationList = B791D0F82569376F00326A08 /* Build configuration list for PBXNativeTarget "DIS" */;
			buildPhases = (
				B791D0CD2569376C00326A08 /* Sources */,
				B791D0CE2569376C00326A08 /* Frameworks */,
				B791D0CF2569376C00326A08 /* Resources */,
			);
			buildRules = (
			);
			dependencies = (
			);
			name = DIS;
			productName = DIS;
			productReference = B791D0D12569376C00326A08 /* DIS.app */;
			productType = "com.apple.product-type.application";
		};
		B791D0E32569376F00326A08 /* DISTests */ = {
			isa = PBXNativeTarget;
			buildConfigurationList = B791D0FB2569376F00326A08 /* Build configuration list for PBXNativeTarget "DISTests" */;
			buildPhases = (
				B791D0E02569376F00326A08 /* Sources */,
				B791D0E12569376F00326A08 /* Frameworks */,
				B791D0E22569376F00326A08 /* Resources */,
			);
			buildRules = (
			);
			dependencies = (
				B791D0E62569376F00326A08 /* PBXTargetDependency */,
			);
			name = DISTests;
			productName = DISTests;
			productReference = B791D0E42569376F00326A08 /* DISTests.xctest */;
			productType = "com.apple.product-type.bundle.unit-test";
		};
		B791D0EE2569376F00326A08 /* DISUITests */ = {
			isa = PBXNativeTarget;
			buildConfigurationList = B791D0FE2569376F00326A08 /* Build configuration list for PBXNativeTarget "DISUITests" */;
			buildPhases = (
				B791D0EB2569376F00326A08 /* Sources */,
				B791D0EC2569376F00326A08 /* Frameworks */,
				B791D0ED2569376F00326A08 /* Resources */,
			);
			buildRules = (
			);
			dependencies = (
				B791D0F12569376F00326A08 /* PBXTargetDependency */,
			);
			name = DISUITests;
			productName = DISUITests;
			productReference = B791D0EF2569376F00326A08 /* DISUITests.xctest */;
			productType = "com.apple.product-type.bundle.ui-testing";
		};
/* End PBXNativeTarget section */

/* Begin PBXProject section */
		B791D0C92569376C00326A08 /* Project object */ = {
			isa = PBXProject;
			attributes = {
				LastSwiftUpdateCheck = 1220;
				LastUpgradeCheck = 1220;
				TargetAttributes = {
					B791D0D02569376C00326A08 = {
						CreatedOnToolsVersion = 12.2;
					};
					B791D0E32569376F00326A08 = {
						CreatedOnToolsVersion = 12.2;
						TestTargetID = B791D0D02569376C00326A08;
					};
					B791D0EE2569376F00326A08 = {
						CreatedOnToolsVersion = 12.2;
						TestTargetID = B791D0D02569376C00326A08;
					};
				};
			};
			buildConfigurationList = B791D0CC2569376C00326A08 /* Build configuration list for PBXProject "DIS" */;
			compatibilityVersion = "Xcode 9.3";
			developmentRegion = en;
			hasScannedForEncodings = 0;
			knownRegions = (
				en,
				Base,
			);
			mainGroup = B791D0C82569376C00326A08;
			productRefGroup = B791D0D22569376C00326A08 /* Products */;
			projectDirPath = "";
			projectRoot = "";
			targets = (
				B791D0D02569376C00326A08 /* DIS */,
				B791D0E32569376F00326A08 /* DISTests */,
				B791D0EE2569376F00326A08 /* DISUITests */,
			);
		};
/* End PBXProject section */

/* Begin PBXResourcesBuildPhase section */
		B791D0CF2569376C00326A08 /* Resources */ = {
			isa = PBXResourcesBuildPhase;
			buildActionMask = 2147483647;
			files = (
				B791D0DE2569376E00326A08 /* Preview Assets.xcassets in Resources */,
				B791D0DB2569376E00326A08 /* Assets.xcassets in Resources */,
			);
			runOnlyForDeploymentPostprocessing = 0;
		};
		B791D0E22569376F00326A08 /* Resources */ = {
			isa = PBXResourcesBuildPhase;
			buildActionMask = 2147483647;
			files = (
			);
			runOnlyForDeploymentPostprocessing = 0;
		};
		B791D0ED2569376F00326A08 /* Resources */ = {
			isa = PBXResourcesBuildPhase;
			buildActionMask = 2147483647;
			files = (
			);
			runOnlyForDeploymentPostprocessing = 0;
		};
/* End PBXResourcesBuildPhase section */

/* Begin PBXSourcesBuildPhase section */
		B791D0CD2569376C00326A08 /* Sources */ = {
			isa = PBXSourcesBuildPhase;
			buildActionMask = 2147483647;
			files = (
				B74116AA2569830200F1FEB8 /* FoodItem.swift in Sources */,
				B791D0D72569376C00326A08 /* ContentView.swift in Sources */,
				B791D11925694A4900326A08 /* ARUIView.swift in Sources */,
				B791D105256938BE00326A08 /* DataModel.swift in Sources */,
				B791D0D52569376C00326A08 /* AppDelegate.swift in Sources */,
				B791D11425694A1800326A08 /* ARDisplayView.swift in Sources */,
				B791D0D92569376C00326A08 /* Experience.rcproject in Sources */,
			);
			runOnlyForDeploymentPostprocessing = 0;
		};
		B791D0E02569376F00326A08 /* Sources */ = {
			isa = PBXSourcesBuildPhase;
			buildActionMask = 2147483647;
			files = (
				B791D0E92569376F00326A08 /* DISTests.swift in Sources */,
			);
			runOnlyForDeploymentPostprocessing = 0;
		};
		B791D0EB2569376F00326A08 /* Sources */ = {
			isa = PBXSourcesBuildPhase;
			buildActionMask = 2147483647;
			files = (
				B791D0F42569376F00326A08 /* DISUITests.swift in Sources */,
			);
			runOnlyForDeploymentPostprocessing = 0;
		};
/* End PBXSourcesBuildPhase section */

/* Begin PBXTargetDependency section */
		B791D0E62569376F00326A08 /* PBXTargetDependency */ = {
			isa = PBXTargetDependency;
			target = B791D0D02569376C00326A08 /* DIS */;
			targetProxy = B791D0E52569376F00326A08 /* PBXContainerItemProxy */;
		};
		B791D0F12569376F00326A08 /* PBXTargetDependency */ = {
			isa = PBXTargetDependency;
			target = B791D0D02569376C00326A08 /* DIS */;
			targetProxy = B791D0F02569376F00326A08 /* PBXContainerItemProxy */;
		};
/* End PBXTargetDependency section */

/* Begin XCBuildConfiguration section */
		B791D0F62569376F00326A08 /* Debug */ = {
			isa = XCBuildConfiguration;
			buildSettings = {
				ALWAYS_SEARCH_USER_PATHS = NO;
				CLANG_ANALYZER_NONNULL = YES;
				CLANG_ANALYZER_NUMBER_OBJECT_CONVERSION = YES_AGGRESSIVE;
				CLANG_CXX_LANGUAGE_STANDARD = "gnu++14";
				CLANG_CXX_LIBRARY = "libc++";
				CLANG_ENABLE_MODULES = YES;
				CLANG_ENABLE_OBJC_ARC = YES;
				CLANG_ENABLE_OBJC_WEAK = YES;
				CLANG_WARN_BLOCK_CAPTURE_AUTORELEASING = YES;
				CLANG_WARN_BOOL_CONVERSION = YES;
				CLANG_WARN_COMMA = YES;
				CLANG_WARN_CONSTANT_CONVERSION = YES;
				CLANG_WARN_DEPRECATED_OBJC_IMPLEMENTATIONS = YES;
				CLANG_WARN_DIRECT_OBJC_ISA_USAGE = YES_ERROR;
				CLANG_WARN_DOCUMENTATION_COMMENTS = YES;
				CLANG_WARN_EMPTY_BODY = YES;
				CLANG_WARN_ENUM_CONVERSION = YES;
				CLANG_WARN_INFINITE_RECURSION = YES;
				CLANG_WARN_INT_CONVERSION = YES;
				CLANG_WARN_NON_LITERAL_NULL_CONVERSION = YES;
				CLANG_WARN_OBJC_IMPLICIT_RETAIN_SELF = YES;
				CLANG_WARN_OBJC_LITERAL_CONVERSION = YES;
				CLANG_WARN_OBJC_ROOT_CLASS = YES_ERROR;
				CLANG_WARN_QUOTED_INCLUDE_IN_FRAMEWORK_HEADER = YES;
				CLANG_WARN_RANGE_LOOP_ANALYSIS = YES;
				CLANG_WARN_STRICT_PROTOTYPES = YES;
				CLANG_WARN_SUSPICIOUS_MOVE = YES;
				CLANG_WARN_UNGUARDED_AVAILABILITY = YES_AGGRESSIVE;
				CLANG_WARN_UNREACHABLE_CODE = YES;
				CLANG_WARN__DUPLICATE_METHOD_MATCH = YES;
				COPY_PHASE_STRIP = NO;
				DEBUG_INFORMATION_FORMAT = dwarf;
				ENABLE_STRICT_OBJC_MSGSEND = YES;
				ENABLE_TESTABILITY = YES;
				GCC_C_LANGUAGE_STANDARD = gnu11;
				GCC_DYNAMIC_NO_PIC = NO;
				GCC_NO_COMMON_BLOCKS = YES;
				GCC_OPTIMIZATION_LEVEL = 0;
				GCC_PREPROCESSOR_DEFINITIONS = (
					"DEBUG=1",
					"$(inherited)",
				);
				GCC_WARN_64_TO_32_BIT_CONVERSION = YES;
				GCC_WARN_ABOUT_RETURN_TYPE = YES_ERROR;
				GCC_WARN_UNDECLARED_SELECTOR = YES;
				GCC_WARN_UNINITIALIZED_AUTOS = YES_AGGRESSIVE;
				GCC_WARN_UNUSED_FUNCTION = YES;
				GCC_WARN_UNUSED_VARIABLE = YES;
				IPHONEOS_DEPLOYMENT_TARGET = 14.2;
				MTL_ENABLE_DEBUG_INFO = INCLUDE_SOURCE;
				MTL_FAST_MATH = YES;
				ONLY_ACTIVE_ARCH = YES;
				SDKROOT = iphoneos;
				SWIFT_ACTIVE_COMPILATION_CONDITIONS = DEBUG;
				SWIFT_OPTIMIZATION_LEVEL = "-Onone";
			};
			name = Debug;
		};
		B791D0F72569376F00326A08 /* Release */ = {
			isa = XCBuildConfiguration;
			buildSettings = {
				ALWAYS_SEARCH_USER_PATHS = NO;
				CLANG_ANALYZER_NONNULL = YES;
				CLANG_ANALYZER_NUMBER_OBJECT_CONVERSION = YES_AGGRESSIVE;
				CLANG_CXX_LANGUAGE_STANDARD = "gnu++14";
				CLANG_CXX_LIBRARY = "libc++";
				CLANG_ENABLE_MODULES = YES;
				CLANG_ENABLE_OBJC_ARC = YES;
				CLANG_ENABLE_OBJC_WEAK = YES;
				CLANG_WARN_BLOCK_CAPTURE_AUTORELEASING = YES;
				CLANG_WARN_BOOL_CONVERSION = YES;
				CLANG_WARN_COMMA = YES;
				CLANG_WARN_CONSTANT_CONVERSION = YES;
				CLANG_WARN_DEPRECATED_OBJC_IMPLEMENTATIONS = YES;
				CLANG_WARN_DIRECT_OBJC_ISA_USAGE = YES_ERROR;
				CLANG_WARN_DOCUMENTATION_COMMENTS = YES;
				CLANG_WARN_EMPTY_BODY = YES;
				CLANG_WARN_ENUM_CONVERSION = YES;
				CLANG_WARN_INFINITE_RECURSION = YES;
				CLANG_WARN_INT_CONVERSION = YES;
				CLANG_WARN_NON_LITERAL_NULL_CONVERSION = YES;
				CLANG_WARN_OBJC_IMPLICIT_RETAIN_SELF = YES;
				CLANG_WARN_OBJC_LITERAL_CONVERSION = YES;
				CLANG_WARN_OBJC_ROOT_CLASS = YES_ERROR;
				CLANG_WARN_QUOTED_INCLUDE_IN_FRAMEWORK_HEADER = YES;
				CLANG_WARN_RANGE_LOOP_ANALYSIS = YES;
				CLANG_WARN_STRICT_PROTOTYPES = YES;
				CLANG_WARN_SUSPICIOUS_MOVE = YES;
				CLANG_WARN_UNGUARDED_AVAILABILITY = YES_AGGRESSIVE;
				CLANG_WARN_UNREACHABLE_CODE = YES;
				CLANG_WARN__DUPLICATE_METHOD_MATCH = YES;
				COPY_PHASE_STRIP = NO;
				DEBUG_INFORMATION_FORMAT = "dwarf-with-dsym";
				ENABLE_NS_ASSERTIONS = NO;
				ENABLE_STRICT_OBJC_MSGSEND = YES;
				GCC_C_LANGUAGE_STANDARD = gnu11;
				GCC_NO_COMMON_BLOCKS = YES;
				GCC_WARN_64_TO_32_BIT_CONVERSION = YES;
				GCC_WARN_ABOUT_RETURN_TYPE = YES_ERROR;
				GCC_WARN_UNDECLARED_SELECTOR = YES;
				GCC_WARN_UNINITIALIZED_AUTOS = YES_AGGRESSIVE;
				GCC_WARN_UNUSED_FUNCTION = YES;
				GCC_WARN_UNUSED_VARIABLE = YES;
				IPHONEOS_DEPLOYMENT_TARGET = 14.2;
				MTL_ENABLE_DEBUG_INFO = NO;
				MTL_FAST_MATH = YES;
				SDKROOT = iphoneos;
				SWIFT_COMPILATION_MODE = wholemodule;
				SWIFT_OPTIMIZATION_LEVEL = "-O";
				VALIDATE_PRODUCT = YES;
			};
			name = Release;
		};
		B791D0F92569376F00326A08 /* Debug */ = {
			isa = XCBuildConfiguration;
			buildSettings = {
				ASSETCATALOG_COMPILER_APPICON_NAME = AppIcon;
				ASSETCATALOG_COMPILER_GLOBAL_ACCENT_COLOR_NAME = AccentColor;
				CODE_SIGN_IDENTITY = "";
				CODE_SIGN_STYLE = Automatic;
				DEVELOPMENT_ASSET_PATHS = "\"DIS/Preview Content\"";
				DEVELOPMENT_TEAM = "";
				ENABLE_PREVIEWS = YES;
				INFOPLIST_FILE = DIS/Info.plist;
				IPHONEOS_DEPLOYMENT_TARGET = 13.0;
				LD_RUNPATH_SEARCH_PATHS = (
					"$(inherited)",
					"@executable_path/Frameworks",
				);
				PRODUCT_BUNDLE_IDENTIFIER = com.JAP.DIS;
				PRODUCT_NAME = "$(TARGET_NAME)";
				SWIFT_VERSION = 5.0;
				TARGETED_DEVICE_FAMILY = "1,2";
			};
			name = Debug;
		};
		B791D0FA2569376F00326A08 /* Release */ = {
			isa = XCBuildConfiguration;
			buildSettings = {
				ASSETCATALOG_COMPILER_APPICON_NAME = AppIcon;
				ASSETCATALOG_COMPILER_GLOBAL_ACCENT_COLOR_NAME = AccentColor;
				CODE_SIGN_IDENTITY = "";
				CODE_SIGN_STYLE = Automatic;
				DEVELOPMENT_ASSET_PATHS = "\"DIS/Preview Content\"";
				DEVELOPMENT_TEAM = "";
				ENABLE_PREVIEWS = YES;
				INFOPLIST_FILE = DIS/Info.plist;
				IPHONEOS_DEPLOYMENT_TARGET = 13.0;
				LD_RUNPATH_SEARCH_PATHS = (
					"$(inherited)",
					"@executable_path/Frameworks",
				);
				PRODUCT_BUNDLE_IDENTIFIER = com.JAP.DIS;
				PRODUCT_NAME = "$(TARGET_NAME)";
				SWIFT_VERSION = 5.0;
				TARGETED_DEVICE_FAMILY = "1,2";
			};
			name = Release;
		};
		B791D0FC2569376F00326A08 /* Debug */ = {
			isa = XCBuildConfiguration;
			buildSettings = {
				ALWAYS_EMBED_SWIFT_STANDARD_LIBRARIES = YES;
				BUNDLE_LOADER = "$(TEST_HOST)";
				CODE_SIGN_STYLE = Automatic;
				INFOPLIST_FILE = DISTests/Info.plist;
				IPHONEOS_DEPLOYMENT_TARGET = 14.2;
				LD_RUNPATH_SEARCH_PATHS = (
					"$(inherited)",
					"@executable_path/Frameworks",
					"@loader_path/Frameworks",
				);
				PRODUCT_BUNDLE_IDENTIFIER = com.JAP.DISTests;
				PRODUCT_NAME = "$(TARGET_NAME)";
				SWIFT_VERSION = 5.0;
				TARGETED_DEVICE_FAMILY = "1,2";
				TEST_HOST = "$(BUILT_PRODUCTS_DIR)/DIS.app/DIS";
			};
			name = Debug;
		};
		B791D0FD2569376F00326A08 /* Release */ = {
			isa = XCBuildConfiguration;
			buildSettings = {
				ALWAYS_EMBED_SWIFT_STANDARD_LIBRARIES = YES;
				BUNDLE_LOADER = "$(TEST_HOST)";
				CODE_SIGN_STYLE = Automatic;
				INFOPLIST_FILE = DISTests/Info.plist;
				IPHONEOS_DEPLOYMENT_TARGET = 14.2;
				LD_RUNPATH_SEARCH_PATHS = (
					"$(inherited)",
					"@executable_path/Frameworks",
					"@loader_path/Frameworks",
				);
				PRODUCT_BUNDLE_IDENTIFIER = com.JAP.DISTests;
				PRODUCT_NAME = "$(TARGET_NAME)";
				SWIFT_VERSION = 5.0;
				TARGETED_DEVICE_FAMILY = "1,2";
				TEST_HOST = "$(BUILT_PRODUCTS_DIR)/DIS.app/DIS";
			};
			name = Release;
		};
		B791D0FF2569376F00326A08 /* Debug */ = {
			isa = XCBuildConfiguration;
			buildSettings = {
				ALWAYS_EMBED_SWIFT_STANDARD_LIBRARIES = YES;
				CODE_SIGN_STYLE = Automatic;
				INFOPLIST_FILE = DISUITests/Info.plist;
				LD_RUNPATH_SEARCH_PATHS = (
					"$(inherited)",
					"@executable_path/Frameworks",
					"@loader_path/Frameworks",
				);
				PRODUCT_BUNDLE_IDENTIFIER = com.JAP.DISUITests;
				PRODUCT_NAME = "$(TARGET_NAME)";
				SWIFT_VERSION = 5.0;
				TARGETED_DEVICE_FAMILY = "1,2";
				TEST_TARGET_NAME = DIS;
			};
			name = Debug;
		};
		B791D1002569376F00326A08 /* Release */ = {
			isa = XCBuildConfiguration;
			buildSettings = {
				ALWAYS_EMBED_SWIFT_STANDARD_LIBRARIES = YES;
				CODE_SIGN_STYLE = Automatic;
				INFOPLIST_FILE = DISUITests/Info.plist;
				LD_RUNPATH_SEARCH_PATHS = (
					"$(inherited)",
					"@executable_path/Frameworks",
					"@loader_path/Frameworks",
				);
				PRODUCT_BUNDLE_IDENTIFIER = com.JAP.DISUITests;
				PRODUCT_NAME = "$(TARGET_NAME)";
				SWIFT_VERSION = 5.0;
				TARGETED_DEVICE_FAMILY = "1,2";
				TEST_TARGET_NAME = DIS;
			};
			name = Release;
		};
/* End XCBuildConfiguration section */

/* Begin XCConfigurationList section */
		B791D0CC2569376C00326A08 /* Build configuration list for PBXProject "DIS" */ = {
			isa = XCConfigurationList;
			buildConfigurations = (
				B791D0F62569376F00326A08 /* Debug */,
				B791D0F72569376F00326A08 /* Release */,
			);
			defaultConfigurationIsVisible = 0;
			defaultConfigurationName = Release;
		};
		B791D0F82569376F00326A08 /* Build configuration list for PBXNativeTarget "DIS" */ = {
			isa = XCConfigurationList;
			buildConfigurations = (
				B791D0F92569376F00326A08 /* Debug */,
				B791D0FA2569376F00326A08 /* Release */,
			);
			defaultConfigurationIsVisible = 0;
			defaultConfigurationName = Release;
		};
		B791D0FB2569376F00326A08 /* Build configuration list for PBXNativeTarget "DISTests" */ = {
			isa = XCConfigurationList;
			buildConfigurations = (
				B791D0FC2569376F00326A08 /* Debug */,
				B791D0FD2569376F00326A08 /* Release */,
			);
			defaultConfigurationIsVisible = 0;
			defaultConfigurationName = Release;
		};
		B791D0FE2569376F00326A08 /* Build configuration list for PBXNativeTarget "DISUITests" */ = {
			isa = XCConfigurationList;
			buildConfigurations = (
				B791D0FF2569376F00326A08 /* Debug */,
				B791D1002569376F00326A08 /* Release */,
			);
			defaultConfigurationIsVisible = 0;
			defaultConfigurationName = Release;
		};
/* End XCConfigurationList section */
	};
	rootObject = B791D0C92569376C00326A08 /* Project object */;
}
